{
    "_readme": [
        "This file locks the dependencies of your project to a known state",
        "Read more about it at https://getcomposer.org/doc/01-basic-usage.md#composer-lock-the-lock-file",
        "This file is @generated automatically"
    ],
    "hash": "4083c77454d6d2e7b5b742dc1e6fb7fc",
    "content-hash": "7b8df0f6df56f07b34208a144462150f",
    "packages": [
        {
            "name": "academe/serializeparser",
            "version": "1.0.1",
            "source": {
                "type": "git",
                "url": "https://github.com/academe/SerializeParser.git",
                "reference": "1c8d74eecf14ed2a1ac3b8c40e805e16d8768e78"
            },
            "dist": {
                "type": "zip",
                "url": "https://api.github.com/repos/academe/SerializeParser/zipball/1c8d74eecf14ed2a1ac3b8c40e805e16d8768e78",
                "reference": "1c8d74eecf14ed2a1ac3b8c40e805e16d8768e78",
                "shasum": ""
            },
            "require": {
                "php": ">=5.4.0"
            },
            "require-dev": {
                "phpunit/phpunit": "~4.0"
            },
            "type": "package",
            "autoload": {
                "psr-4": {
                    "Academe\\SerializeParser\\": "src/"
                }
            },
            "notification-url": "https://packagist.org/downloads/",
            "license": [
                "MIT"
            ],
            "authors": [
                {
                    "name": "Jason Judge",
                    "email": "jason.judge@academe.co.uk",
                    "homepage": "https://academe.co.uk/"
                }
            ],
            "description": "A PHP parser for serialized data, to be able to 'peek' into serialize strings.",
            "homepage": "https://github.com/academe/SerializeParser",
            "keywords": [
                "php",
                "serialize",
                "unserialize"
            ],
            "time": "2015-07-06 13:08:05"
        },
        {
            "name": "symfony/polyfill-mbstring",
            "version": "v1.1.1",
            "source": {
                "type": "git",
                "url": "https://github.com/symfony/polyfill-mbstring.git",
                "reference": "1289d16209491b584839022f29257ad859b8532d"
            },
            "dist": {
                "type": "zip",
                "url": "https://api.github.com/repos/symfony/polyfill-mbstring/zipball/1289d16209491b584839022f29257ad859b8532d",
                "reference": "1289d16209491b584839022f29257ad859b8532d",
                "shasum": ""
            },
            "require": {
                "php": ">=5.3.3"
            },
            "suggest": {
                "ext-mbstring": "For best performance"
            },
            "type": "library",
            "extra": {
                "branch-alias": {
                    "dev-master": "1.1-dev"
                }
            },
            "autoload": {
                "psr-4": {
                    "Symfony\\Polyfill\\Mbstring\\": ""
                },
                "files": [
                    "bootstrap.php"
                ]
            },
            "notification-url": "https://packagist.org/downloads/",
            "license": [
                "MIT"
            ],
            "authors": [
                {
                    "name": "Nicolas Grekas",
                    "email": "p@tchwork.com"
                },
                {
                    "name": "Symfony Community",
                    "homepage": "https://symfony.com/contributors"
                }
            ],
            "description": "Symfony polyfill for the Mbstring extension",
            "homepage": "https://symfony.com",
            "keywords": [
                "compatibility",
                "mbstring",
                "polyfill",
                "portable",
                "shim"
            ],
            "time": "2016-01-20 09:13:37"
        },
        {
            "name": "symfony/var-dumper",
            "version": "v2.8.4",
            "source": {
                "type": "git",
                "url": "https://github.com/symfony/var-dumper.git",
                "reference": "1f840df081f59cbe25140742bbe94a0dfac0222a"
            },
            "dist": {
                "type": "zip",
                "url": "https://api.github.com/repos/symfony/var-dumper/zipball/1f840df081f59cbe25140742bbe94a0dfac0222a",
                "reference": "1f840df081f59cbe25140742bbe94a0dfac0222a",
                "shasum": ""
            },
            "require": {
                "php": ">=5.3.9",
                "symfony/polyfill-mbstring": "~1.0"
            },
            "require-dev": {
                "twig/twig": "~1.20|~2.0"
            },
            "suggest": {
                "ext-symfony_debug": ""
            },
            "type": "library",
            "extra": {
                "branch-alias": {
                    "dev-master": "2.8-dev"
                }
            },
            "autoload": {
                "files": [
                    "Resources/functions/dump.php"
                ],
                "psr-4": {
                    "Symfony\\Component\\VarDumper\\": ""
                },
                "exclude-from-classmap": [
                    "/Tests/"
                ]
            },
            "notification-url": "https://packagist.org/downloads/",
            "license": [
                "MIT"
            ],
            "authors": [
                {
                    "name": "Nicolas Grekas",
                    "email": "p@tchwork.com"
                },
                {
                    "name": "Symfony Community",
                    "homepage": "https://symfony.com/contributors"
                }
            ],
            "description": "Symfony mechanism for exploring and dumping PHP variables",
            "homepage": "https://symfony.com",
            "keywords": [
                "debug",
                "dump"
            ],
            "time": "2016-03-07 14:04:32"
        },
        {
            "name": "zumba/json-serializer",
            "version": "1.0.2",
            "source": {
                "type": "git",
                "url": "https://github.com/zumba/json-serializer.git",
                "reference": "61cb3a9458146b2b91e8f7700cee80cad1bf9279"
            },
            "dist": {
                "type": "zip",
                "url": "https://api.github.com/repos/zumba/json-serializer/zipball/61cb3a9458146b2b91e8f7700cee80cad1bf9279",
                "reference": "61cb3a9458146b2b91e8f7700cee80cad1bf9279",
                "shasum": ""
            },
            "require": {
                "php": ">=5.3.6"
            },
            "require-dev": {
                "phpunit/phpunit": "3.7.*"
            },
            "suggest": {
                "ext-mbstring": "To support unescaped unicode characters in PHP 5.3."
            },
            "type": "library",
            "autoload": {
                "psr-0": {
                    "Zumba\\Util": "src/",
                    "Zumba\\Exception": "src/",
                    "Zumba\\Util\\Test": "tests/"
                }
            },
            "notification-url": "https://packagist.org/downloads/",
            "license": [
                "MIT"
            ],
            "authors": [
                {
                    "name": "Juan Basso",
                    "email": "juan.basso@zumba.com"
                },
                {
                    "name": "Zumba Fitness, LLC",
                    "email": "engineering@zumba.com"
                }
            ],
            "description": "Serialize PHP variables, including objects, in JSON format. Support to unserialize it too.",
            "homepage": "http://tech.zumba.com",
            "keywords": [
                "json",
                "serialize",
                "serializer"
            ],
            "time": "2014-07-05 20:09:27"
        }
    ],
    "packages-dev": [],
    "aliases": [],
    "minimum-stability": "stable",
    "stability-flags": [],
    "prefer-stable": false,
    "prefer-lowest": false,
    "platform": [],
    "platform-dev": []
}
